
Microsoft Visual Studio Solution File, Format Version 10.00
# Visual Studio 2008
Project("{8BC9CEB8-8B4A-11D0-8D11-00A0C91BC942}") = "advanced-cpp-pa1", "advanced-cpp-pa1\advanced-cpp-pa1.vcproj", "{003BEAE9-933B-475C-A852-10F78DF2EA00}"
EndProject
Global
	GlobalSection(SolutionConfigurationPlatforms) = preSolution
		Debug|Win32 = Debug|Win32
		Release|Win32 = Release|Win32
	EndGlobalSection
	GlobalSection(ProjectConfigurationPlatforms) = postSolution
		{003BEAE9-933B-475C-A852-10F78DF2EA00}.Debug|Win32.ActiveCfg = Debug|Win32
		{003BEAE9-933B-475C-A852-10F78DF2EA00}.Debug|Win32.Build.0 = Debug|Win32
		{003BEAE9-933B-475C-A852-10F78DF2EA00}.Release|Win32.ActiveCfg = Release|Win32
		{003BEAE9-933B-475C-A852-10F78DF2EA00}.Release|Win32.Build.0 = Release|Win32
	EndGlobalSection
	GlobalSection(SolutionProperties) = preSolution
		HideSolutionNode = FALSE
	EndGlobalSection
EndGlobal
